
Microsoft Visual Studio Solution File, Format Version 11.00
# Visual Studio 2010
Project("{FAE04EC0-301F-11D3-BF4B-00C04F79EFBC}") = "PhotonUnityNetworking.Demos", "PhotonUnityNetworking.Demos.csproj", "{BDAB1C6E-7685-774E-8752-405176B76843}"
EndProject
Project("{FAE04EC0-301F-11D3-BF4B-00C04F79EFBC}") = "PhotonUnityNetworking.Utilities", "PhotonUnityNetworking.Utilities.csproj", "{2591DC16-CEB9-EE8B-B53E-A0CC0CE82106}"
EndProject
Project("{FAE04EC0-301F-11D3-BF4B-00C04F79EFBC}") = "PhotonChat", "PhotonChat.csproj", "{EC4AE201-A8BA-E48F-24B6-7CB335A8867D}"
EndProject
Project("{FAE04EC0-301F-11D3-BF4B-00C04F79EFBC}") = "PhotonUnityNetworking", "PhotonUnityNetworking.csproj", "{AE3D275B-D63F-5E10-2694-3F6E5CFC244C}"
EndProject
Project("{FAE04EC0-301F-11D3-BF4B-00C04F79EFBC}") = "Assembly-CSharp", "Assembly-CSharp.csproj", "{E39DBE8A-D93F-3B99-9572-F1A6D3F02899}"
EndProject
Project("{FAE04EC0-301F-11D3-BF4B-00C04F79EFBC}") = "PhotonRealtime", "PhotonRealtime.csproj", "{C4860054-DDC2-E24F-75CB-9888A32AAEE8}"
EndProject
Project("{FAE04EC0-301F-11D3-BF4B-00C04F79EFBC}") = "PhotonWebSocket", "PhotonWebSocket.csproj", "{5419955E-0678-447A-5527-C26427943912}"
EndProject
Project("{FAE04EC0-301F-11D3-BF4B-00C04F79EFBC}") = "PhotonUnityNetworking.Editor", "PhotonUnityNetworking.Editor.csproj", "{00A541E4-A421-A2F6-2C32-9134A4F0F529}"
EndProject
Project("{FAE04EC0-301F-11D3-BF4B-00C04F79EFBC}") = "PunDemos.DemoHubEditor", "PunDemos.DemoHubEditor.csproj", "{0E7FD1B0-53D2-DF88-1BF6-F3E9FAAB1902}"
EndProject
Project("{FAE04EC0-301F-11D3-BF4B-00C04F79EFBC}") = "PhotonUnityNetworking.Utilities.PhotonPlayer.Editor", "PhotonUnityNetworking.Utilities.PhotonPlayer.Editor.csproj", "{8F11FEE2-6187-1254-6995-414414BF45EF}"
EndProject
Project("{FAE04EC0-301F-11D3-BF4B-00C04F79EFBC}") = "PhotonUnityNetworking.Utilities.Culling.Editor", "PhotonUnityNetworking.Utilities.Culling.Editor.csproj", "{F15E7977-EB24-FC80-C816-CD6FCC1DFE0C}"
EndProject
Project("{FAE04EC0-301F-11D3-BF4B-00C04F79EFBC}") = "PunDemos.DemoSlotcarEditor", "PunDemos.DemoSlotcarEditor.csproj", "{A92EEA22-00DE-CCA6-4B52-6B8ED5464235}"
EndProject
Global
	GlobalSection(SolutionConfigurationPlatforms) = preSolution
		Debug|Any CPU = Debug|Any CPU
		Release|Any CPU = Release|Any CPU
	EndGlobalSection
	GlobalSection(ProjectConfigurationPlatforms) = postSolution
		{BDAB1C6E-7685-774E-8752-405176B76843}.Debug|Any CPU.ActiveCfg = Debug|Any CPU
		{BDAB1C6E-7685-774E-8752-405176B76843}.Debug|Any CPU.Build.0 = Debug|Any CPU
		{BDAB1C6E-7685-774E-8752-405176B76843}.Release|Any CPU.ActiveCfg = Release|Any CPU
		{BDAB1C6E-7685-774E-8752-405176B76843}.Release|Any CPU.Build.0 = Release|Any CPU
		{2591DC16-CEB9-EE8B-B53E-A0CC0CE82106}.Debug|Any CPU.ActiveCfg = Debug|Any CPU
		{2591DC16-CEB9-EE8B-B53E-A0CC0CE82106}.Debug|Any CPU.Build.0 = Debug|Any CPU
		{2591DC16-CEB9-EE8B-B53E-A0CC0CE82106}.Release|Any CPU.ActiveCfg = Release|Any CPU
		{2591DC16-CEB9-EE8B-B53E-A0CC0CE82106}.Release|Any CPU.Build.0 = Release|Any CPU
		{EC4AE201-A8BA-E48F-24B6-7CB335A8867D}.Debug|Any CPU.ActiveCfg = Debug|Any CPU
		{EC4AE201-A8BA-E48F-24B6-7CB335A8867D}.Debug|Any CPU.Build.0 = Debug|Any CPU
		{EC4AE201-A8BA-E48F-24B6-7CB335A8867D}.Release|Any CPU.ActiveCfg = Release|Any CPU
		{EC4AE201-A8BA-E48F-24B6-7CB335A8867D}.Release|Any CPU.Build.0 = Release|Any CPU
		{AE3D275B-D63F-5E10-2694-3F6E5CFC244C}.Debug|Any CPU.ActiveCfg = Debug|Any CPU
		{AE3D275B-D63F-5E10-2694-3F6E5CFC244C}.Debug|Any CPU.Build.0 = Debug|Any CPU
		{AE3D275B-D63F-5E10-2694-3F6E5CFC244C}.Release|Any CPU.ActiveCfg = Release|Any CPU
		{AE3D275B-D63F-5E10-2694-3F6E5CFC244C}.Release|Any CPU.Build.0 = Release|Any CPU
		{E39DBE8A-D93F-3B99-9572-F1A6D3F02899}.Debug|Any CPU.ActiveCfg = Debug|Any CPU
		{E39DBE8A-D93F-3B99-9572-F1A6D3F02899}.Debug|Any CPU.Build.0 = Debug|Any CPU
		{E39DBE8A-D93F-3B99-9572-F1A6D3F02899}.Release|Any CPU.ActiveCfg = Release|Any CPU
		{E39DBE8A-D93F-3B99-9572-F1A6D3F02899}.Release|Any CPU.Build.0 = Release|Any CPU
		{C4860054-DDC2-E24F-75CB-9888A32AAEE8}.Debug|Any CPU.ActiveCfg = Debug|Any CPU
		{C4860054-DDC2-E24F-75CB-9888A32AAEE8}.Debug|Any CPU.Build.0 = Debug|Any CPU
		{C4860054-DDC2-E24F-75CB-9888A32AAEE8}.Release|Any CPU.ActiveCfg = Release|Any CPU
		{C4860054-DDC2-E24F-75CB-9888A32AAEE8}.Release|Any CPU.Build.0 = Release|Any CPU
		{5419955E-0678-447A-5527-C26427943912}.Debug|Any CPU.ActiveCfg = Debug|Any CPU
		{5419955E-0678-447A-5527-C26427943912}.Debug|Any CPU.Build.0 = Debug|Any CPU
		{5419955E-0678-447A-5527-C26427943912}.Release|Any CPU.ActiveCfg = Release|Any CPU
		{5419955E-0678-447A-5527-C26427943912}.Release|Any CPU.Build.0 = Release|Any CPU
		{00A541E4-A421-A2F6-2C32-9134A4F0F529}.Debug|Any CPU.ActiveCfg = Debug|Any CPU
		{00A541E4-A421-A2F6-2C32-9134A4F0F529}.Debug|Any CPU.Build.0 = Debug|Any CPU
		{00A541E4-A421-A2F6-2C32-9134A4F0F529}.Release|Any CPU.ActiveCfg = Release|Any CPU
		{00A541E4-A421-A2F6-2C32-9134A4F0F529}.Release|Any CPU.Build.0 = Release|Any CPU
		{0E7FD1B0-53D2-DF88-1BF6-F3E9FAAB1902}.Debug|Any CPU.ActiveCfg = Debug|Any CPU
		{0E7FD1B0-53D2-DF88-1BF6-F3E9FAAB1902}.Debug|Any CPU.Build.0 = Debug|Any CPU
		{0E7FD1B0-53D2-DF88-1BF6-F3E9FAAB1902}.Release|Any CPU.ActiveCfg = Release|Any CPU
		{0E7FD1B0-53D2-DF88-1BF6-F3E9FAAB1902}.Release|Any CPU.Build.0 = Release|Any CPU
		{8F11FEE2-6187-1254-6995-414414BF45EF}.Debug|Any CPU.ActiveCfg = Debug|Any CPU
		{8F11FEE2-6187-1254-6995-414414BF45EF}.Debug|Any CPU.Build.0 = Debug|Any CPU
		{8F11FEE2-6187-1254-6995-414414BF45EF}.Release|Any CPU.ActiveCfg = Release|Any CPU
		{8F11FEE2-6187-1254-6995-414414BF45EF}.Release|Any CPU.Build.0 = Release|Any CPU
		{F15E7977-EB24-FC80-C816-CD6FCC1DFE0C}.Debug|Any CPU.ActiveCfg = Debug|Any CPU
		{F15E7977-EB24-FC80-C816-CD6FCC1DFE0C}.Debug|Any CPU.Build.0 = Debug|Any CPU
		{F15E7977-EB24-FC80-C816-CD6FCC1DFE0C}.Release|Any CPU.ActiveCfg = Release|Any CPU
		{F15E7977-EB24-FC80-C816-CD6FCC1DFE0C}.Release|Any CPU.Build.0 = Release|Any CPU
		{A92EEA22-00DE-CCA6-4B52-6B8ED5464235}.Debug|Any CPU.ActiveCfg = Debug|Any CPU
		{A92EEA22-00DE-CCA6-4B52-6B8ED5464235}.Debug|Any CPU.Build.0 = Debug|Any CPU
		{A92EEA22-00DE-CCA6-4B52-6B8ED5464235}.Release|Any CPU.ActiveCfg = Release|Any CPU
		{A92EEA22-00DE-CCA6-4B52-6B8ED5464235}.Release|Any CPU.Build.0 = Release|Any CPU
	EndGlobalSection
	GlobalSection(SolutionProperties) = preSolution
		HideSolutionNode = FALSE
	EndGlobalSection
	GlobalSection(MonoDevelopProperties) = preSolution
		StartupItem = Assembly-CSharp.csproj
	EndGlobalSection
EndGlobal
