
Microsoft Visual Studio Solution File, Format Version 12.00
# Visual Studio 16
Project("{FAE04EC0-301F-11D3-BF4B-00C04F79EFBC}") = "PhotonUnityNetworking.Utilities", "PhotonUnityNetworking.Utilities.csproj", "{DD603ED4-62ED-2E46-DDEA-F8D3DE9DEB09}"
EndProject
Project("{FAE04EC0-301F-11D3-BF4B-00C04F79EFBC}") = "PhotonChat", "PhotonChat.csproj", "{C4BCE666-188D-88AB-C262-B26BC76B058D}"
EndProject
Project("{FAE04EC0-301F-11D3-BF4B-00C04F79EFBC}") = "PhotonUnityNetworking", "PhotonUnityNetworking.csproj", "{2E3467FE-B6F0-6A39-BCC2-5E78E4B51520}"
EndProject
Project("{FAE04EC0-301F-11D3-BF4B-00C04F79EFBC}") = "PhotonRealtime", "PhotonRealtime.csproj", "{B4B9440C-EDFC-40F4-3A52-EBEE2CF1340E}"
EndProject
Project("{FAE04EC0-301F-11D3-BF4B-00C04F79EFBC}") = "Assembly-CSharp", "Assembly-CSharp.csproj", "{FE10A79D-1D4A-2CEE-4F52-D3750F645768}"
EndProject
Project("{FAE04EC0-301F-11D3-BF4B-00C04F79EFBC}") = "PhotonWebSocket", "PhotonWebSocket.csproj", "{0811B1E4-EC90-DBFF-00DB-D1CB91D79790}"
EndProject
Project("{FAE04EC0-301F-11D3-BF4B-00C04F79EFBC}") = "PhotonUnityNetworking.Editor", "PhotonUnityNetworking.Editor.csproj", "{EC6C5968-F23B-84C4-9AC7-3F01483D4FB0}"
EndProject
Project("{FAE04EC0-301F-11D3-BF4B-00C04F79EFBC}") = "PhotonUnityNetworking.Utilities.PhotonPlayer.Editor", "PhotonUnityNetworking.Utilities.PhotonPlayer.Editor.csproj", "{1125C199-6E05-E9AB-BC0B-3CF054306B5E}"
EndProject
Project("{FAE04EC0-301F-11D3-BF4B-00C04F79EFBC}") = "PhotonUnityNetworking.Utilities.Culling.Editor", "PhotonUnityNetworking.Utilities.Culling.Editor.csproj", "{17267594-3C11-A778-A3EC-84DB1EAB9E7B}"
EndProject
Global
	GlobalSection(SolutionConfigurationPlatforms) = preSolution
		Debug|Any CPU = Debug|Any CPU
		Release|Any CPU = Release|Any CPU
	EndGlobalSection
	GlobalSection(ProjectConfigurationPlatforms) = postSolution
		{DD603ED4-62ED-2E46-DDEA-F8D3DE9DEB09}.Debug|Any CPU.ActiveCfg = Debug|Any CPU
		{DD603ED4-62ED-2E46-DDEA-F8D3DE9DEB09}.Debug|Any CPU.Build.0 = Debug|Any CPU
		{DD603ED4-62ED-2E46-DDEA-F8D3DE9DEB09}.Release|Any CPU.ActiveCfg = Release|Any CPU
		{DD603ED4-62ED-2E46-DDEA-F8D3DE9DEB09}.Release|Any CPU.Build.0 = Release|Any CPU
		{C4BCE666-188D-88AB-C262-B26BC76B058D}.Debug|Any CPU.ActiveCfg = Debug|Any CPU
		{C4BCE666-188D-88AB-C262-B26BC76B058D}.Debug|Any CPU.Build.0 = Debug|Any CPU
		{C4BCE666-188D-88AB-C262-B26BC76B058D}.Release|Any CPU.ActiveCfg = Release|Any CPU
		{C4BCE666-188D-88AB-C262-B26BC76B058D}.Release|Any CPU.Build.0 = Release|Any CPU
		{2E3467FE-B6F0-6A39-BCC2-5E78E4B51520}.Debug|Any CPU.ActiveCfg = Debug|Any CPU
		{2E3467FE-B6F0-6A39-BCC2-5E78E4B51520}.Debug|Any CPU.Build.0 = Debug|Any CPU
		{2E3467FE-B6F0-6A39-BCC2-5E78E4B51520}.Release|Any CPU.ActiveCfg = Release|Any CPU
		{2E3467FE-B6F0-6A39-BCC2-5E78E4B51520}.Release|Any CPU.Build.0 = Release|Any CPU
		{B4B9440C-EDFC-40F4-3A52-EBEE2CF1340E}.Debug|Any CPU.ActiveCfg = Debug|Any CPU
		{B4B9440C-EDFC-40F4-3A52-EBEE2CF1340E}.Debug|Any CPU.Build.0 = Debug|Any CPU
		{B4B9440C-EDFC-40F4-3A52-EBEE2CF1340E}.Release|Any CPU.ActiveCfg = Release|Any CPU
		{B4B9440C-EDFC-40F4-3A52-EBEE2CF1340E}.Release|Any CPU.Build.0 = Release|Any CPU
		{FE10A79D-1D4A-2CEE-4F52-D3750F645768}.Debug|Any CPU.ActiveCfg = Debug|Any CPU
		{FE10A79D-1D4A-2CEE-4F52-D3750F645768}.Debug|Any CPU.Build.0 = Debug|Any CPU
		{FE10A79D-1D4A-2CEE-4F52-D3750F645768}.Release|Any CPU.ActiveCfg = Release|Any CPU
		{FE10A79D-1D4A-2CEE-4F52-D3750F645768}.Release|Any CPU.Build.0 = Release|Any CPU
		{0811B1E4-EC90-DBFF-00DB-D1CB91D79790}.Debug|Any CPU.ActiveCfg = Debug|Any CPU
		{0811B1E4-EC90-DBFF-00DB-D1CB91D79790}.Debug|Any CPU.Build.0 = Debug|Any CPU
		{0811B1E4-EC90-DBFF-00DB-D1CB91D79790}.Release|Any CPU.ActiveCfg = Release|Any CPU
		{0811B1E4-EC90-DBFF-00DB-D1CB91D79790}.Release|Any CPU.Build.0 = Release|Any CPU
		{EC6C5968-F23B-84C4-9AC7-3F01483D4FB0}.Debug|Any CPU.ActiveCfg = Debug|Any CPU
		{EC6C5968-F23B-84C4-9AC7-3F01483D4FB0}.Debug|Any CPU.Build.0 = Debug|Any CPU
		{EC6C5968-F23B-84C4-9AC7-3F01483D4FB0}.Release|Any CPU.ActiveCfg = Release|Any CPU
		{EC6C5968-F23B-84C4-9AC7-3F01483D4FB0}.Release|Any CPU.Build.0 = Release|Any CPU
		{1125C199-6E05-E9AB-BC0B-3CF054306B5E}.Debug|Any CPU.ActiveCfg = Debug|Any CPU
		{1125C199-6E05-E9AB-BC0B-3CF054306B5E}.Debug|Any CPU.Build.0 = Debug|Any CPU
		{1125C199-6E05-E9AB-BC0B-3CF054306B5E}.Release|Any CPU.ActiveCfg = Release|Any CPU
		{1125C199-6E05-E9AB-BC0B-3CF054306B5E}.Release|Any CPU.Build.0 = Release|Any CPU
		{17267594-3C11-A778-A3EC-84DB1EAB9E7B}.Debug|Any CPU.ActiveCfg = Debug|Any CPU
		{17267594-3C11-A778-A3EC-84DB1EAB9E7B}.Debug|Any CPU.Build.0 = Debug|Any CPU
		{17267594-3C11-A778-A3EC-84DB1EAB9E7B}.Release|Any CPU.ActiveCfg = Release|Any CPU
		{17267594-3C11-A778-A3EC-84DB1EAB9E7B}.Release|Any CPU.Build.0 = Release|Any CPU
	EndGlobalSection
	GlobalSection(SolutionProperties) = preSolution
		HideSolutionNode = FALSE
	EndGlobalSection
EndGlobal
